
Microsoft Visual Studio Solution File, Format Version 12.00
# Visual Studio Version 17
VisualStudioVersion = 17.4.33103.184
MinimumVisualStudioVersion = 10.0.40219.1
Project("{9A19103F-16F7-4668-BE54-9A1E7A4F7556}") = "CivicSpace.Api", "CivicSpace.Api\CivicSpace.Api.csproj", "{A853D26A-5DA0-4C94-8CDC-5A7D7B448FDF}"
EndProject
Project("{FAE04EC0-301F-11D3-BF4B-00C04F79EFBC}") = "CivicSpace.Data", "CivicSpace.Data\CivicSpace.Data.csproj", "{8CB785AE-1F44-4906-95D2-77933905B95C}"
EndProject
Project("{FAE04EC0-301F-11D3-BF4B-00C04F79EFBC}") = "CivicSpace.Services", "CivicSpace.Services\CivicSpace.Services.csproj", "{2AA9E11C-5030-4A87-BEFE-44E349A6A293}"
EndProject
Project("{FAE04EC0-301F-11D3-BF4B-00C04F79EFBC}") = "CivicSpace.Core", "CivicSpace.Core\CivicSpace.Core.csproj", "{6DD8815E-D8B8-4B42-A99E-6FE60D32DCDE}"
EndProject
Global
	GlobalSection(SolutionConfigurationPlatforms) = preSolution
		Debug|Any CPU = Debug|Any CPU
		Release|Any CPU = Release|Any CPU
	EndGlobalSection
	GlobalSection(ProjectConfigurationPlatforms) = postSolution
		{A853D26A-5DA0-4C94-8CDC-5A7D7B448FDF}.Debug|Any CPU.ActiveCfg = Debug|Any CPU
		{A853D26A-5DA0-4C94-8CDC-5A7D7B448FDF}.Debug|Any CPU.Build.0 = Debug|Any CPU
		{A853D26A-5DA0-4C94-8CDC-5A7D7B448FDF}.Release|Any CPU.ActiveCfg = Release|Any CPU
		{A853D26A-5DA0-4C94-8CDC-5A7D7B448FDF}.Release|Any CPU.Build.0 = Release|Any CPU
		{8CB785AE-1F44-4906-95D2-77933905B95C}.Debug|Any CPU.ActiveCfg = Debug|Any CPU
		{8CB785AE-1F44-4906-95D2-77933905B95C}.Debug|Any CPU.Build.0 = Debug|Any CPU
		{8CB785AE-1F44-4906-95D2-77933905B95C}.Release|Any CPU.ActiveCfg = Release|Any CPU
		{8CB785AE-1F44-4906-95D2-77933905B95C}.Release|Any CPU.Build.0 = Release|Any CPU
		{2AA9E11C-5030-4A87-BEFE-44E349A6A293}.Debug|Any CPU.ActiveCfg = Debug|Any CPU
		{2AA9E11C-5030-4A87-BEFE-44E349A6A293}.Debug|Any CPU.Build.0 = Debug|Any CPU
		{2AA9E11C-5030-4A87-BEFE-44E349A6A293}.Release|Any CPU.ActiveCfg = Release|Any CPU
		{2AA9E11C-5030-4A87-BEFE-44E349A6A293}.Release|Any CPU.Build.0 = Release|Any CPU
		{6DD8815E-D8B8-4B42-A99E-6FE60D32DCDE}.Debug|Any CPU.ActiveCfg = Debug|Any CPU
		{6DD8815E-D8B8-4B42-A99E-6FE60D32DCDE}.Debug|Any CPU.Build.0 = Debug|Any CPU
		{6DD8815E-D8B8-4B42-A99E-6FE60D32DCDE}.Release|Any CPU.ActiveCfg = Release|Any CPU
		{6DD8815E-D8B8-4B42-A99E-6FE60D32DCDE}.Release|Any CPU.Build.0 = Release|Any CPU
	EndGlobalSection
	GlobalSection(SolutionProperties) = preSolution
		HideSolutionNode = FALSE
	EndGlobalSection
	GlobalSection(ExtensibilityGlobals) = postSolution
		SolutionGuid = {BAFC304A-F3A3-4D24-BC53-69E7ED7E33E3}
	EndGlobalSection
EndGlobal
